// !$*UTF8*$!
{
	archiveVersion = 1;
	classes = {
	};
	objectVersion = 46;
	objects = {

/* Begin PBXBuildFile section */
		1408A8BE166FA9E90086565C /* UIKit.framework in Frameworks */ = {isa = PBXBuildFile; fileRef = 1408A8BD166FA9E90086565C /* UIKit.framework */; };
		1408A8C0166FA9E90086565C /* Foundation.framework in Frameworks */ = {isa = PBXBuildFile; fileRef = 1408A8BF166FA9E90086565C /* Foundation.framework */; };
		1408A8C2166FA9E90086565C /* CoreGraphics.framework in Frameworks */ = {isa = PBXBuildFile; fileRef = 1408A8C1166FA9E90086565C /* CoreGraphics.framework */; };
		1408A8C4166FA9E90086565C /* CoreData.framework in Frameworks */ = {isa = PBXBuildFile; fileRef = 1408A8C3166FA9E90086565C /* CoreData.framework */; };
		1408A8CA166FA9E90086565C /* InfoPlist.strings in Resources */ = {isa = PBXBuildFile; fileRef = 1408A8C8166FA9E90086565C /* InfoPlist.strings */; };
		1408A8CC166FA9E90086565C /* main.m in Sources */ = {isa = PBXBuildFile; fileRef = 1408A8CB166FA9E90086565C /* main.m */; };
		1408A8D0166FA9E90086565C /* AppDelegate.m in Sources */ = {isa = PBXBuildFile; fileRef = 1408A8CF166FA9E90086565C /* AppDelegate.m */; };
		1408A8D3166FA9E90086565C /* HV_appen.xcdatamodeld in Sources */ = {isa = PBXBuildFile; fileRef = 1408A8D1166FA9E90086565C /* HV_appen.xcdatamodeld */; };
/* End PBXBuildFile section */

/* Begin PBXFileReference section */
		1408A8B9166FA9E90086565C /* HV_appen.app */ = {isa = PBXFileReference; explicitFileType = wrapper.application; includeInIndex = 0; path = HV_appen.app; sourceTree = BUILT_PRODUCTS_DIR; };
		1408A8BD166FA9E90086565C /* UIKit.framework */ = {isa = PBXFileReference; lastKnownFileType = wrapper.framework; name = UIKit.framework; path = System/Library/Frameworks/UIKit.framework; sourceTree = SDKROOT; };
		1408A8BF166FA9E90086565C /* Foundation.framework */ = {isa = PBXFileReference; lastKnownFileType = wrapper.framework; name = Foundation.framework; path = System/Library/Frameworks/Foundation.framework; sourceTree = SDKROOT; };
		1408A8C1166FA9E90086565C /* CoreGraphics.framework */ = {isa = PBXFileReference; lastKnownFileType = wrapper.framework; name = CoreGraphics.framework; path = System/Library/Frameworks/CoreGraphics.framework; sourceTree = SDKROOT; };
		1408A8C3166FA9E90086565C /* CoreData.framework */ = {isa = PBXFileReference; lastKnownFileType = wrapper.framework; name = CoreData.framework; path = System/Library/Frameworks/CoreData.framework; sourceTree = SDKROOT; };
		1408A8C7166FA9E90086565C /* HV_appen-Info.plist */ = {isa = PBXFileReference; lastKnownFileType = text.plist.xml; path = "HV_appen-Info.plist"; sourceTree = "<group>"; };
		1408A8C9166FA9E90086565C /* en */ = {isa = PBXFileReference; lastKnownFileType = text.plist.strings; name = en; path = en.lproj/InfoPlist.strings; sourceTree = "<group>"; };
		1408A8CB166FA9E90086565C /* main.m */ = {isa = PBXFileReference; lastKnownFileType = sourcecode.c.objc; path = main.m; sourceTree = "<group>"; };
		1408A8CD166FA9E90086565C /* HV_appen-Prefix.pch */ = {isa = PBXFileReference; lastKnownFileType = sourcecode.c.h; path = "HV_appen-Prefix.pch"; sourceTree = "<group>"; };
		1408A8CE166FA9E90086565C /* AppDelegate.h */ = {isa = PBXFileReference; lastKnownFileType = sourcecode.c.h; path = AppDelegate.h; sourceTree = "<group>"; };
		1408A8CF166FA9E90086565C /* AppDelegate.m */ = {isa = PBXFileReference; lastKnownFileType = sourcecode.c.objc; path = AppDelegate.m; sourceTree = "<group>"; };
		1408A8D2166FA9E90086565C /* HV_appen.xcdatamodel */ = {isa = PBXFileReference; lastKnownFileType = wrapper.xcdatamodel; path = HV_appen.xcdatamodel; sourceTree = "<group>"; };
/* End PBXFileReference section */

/* Begin PBXFrameworksBuildPhase section */
		1408A8B6166FA9E90086565C /* Frameworks */ = {
			isa = PBXFrameworksBuildPhase;
			buildActionMask = 2147483647;
			files = (
				1408A8BE166FA9E90086565C /* UIKit.framework in Frameworks */,
				1408A8C0166FA9E90086565C /* Foundation.framework in Frameworks */,
				1408A8C2166FA9E90086565C /* CoreGraphics.framework in Frameworks */,
				1408A8C4166FA9E90086565C /* CoreData.framework in Frameworks */,
			);
			runOnlyForDeploymentPostprocessing = 0;
		};
/* End PBXFrameworksBuildPhase section */

/* Begin PBXGroup section */
		1408A8AE166FA9E90086565C = {
			isa = PBXGroup;
			children = (
				1408A8C5166FA9E90086565C /* HV_appen */,
				1408A8BC166FA9E90086565C /* Frameworks */,
				1408A8BA166FA9E90086565C /* Products */,
			);
			sourceTree = "<group>";
		};
		1408A8BA166FA9E90086565C /* Products */ = {
			isa = PBXGroup;
			children = (
				1408A8B9166FA9E90086565C /* HV_appen.app */,
			);
			name = Products;
			sourceTree = "<group>";
		};
		1408A8BC166FA9E90086565C /* Frameworks */ = {
			isa = PBXGroup;
			children = (
				1408A8BD166FA9E90086565C /* UIKit.framework */,
				1408A8BF166FA9E90086565C /* Foundation.framework */,
				1408A8C1166FA9E90086565C /* CoreGraphics.framework */,
				1408A8C3166FA9E90086565C /* CoreData.framework */,
			);
			name = Frameworks;
			sourceTree = "<group>";
		};
		1408A8C5166FA9E90086565C /* HV_appen */ = {
			isa = PBXGroup;
			children = (
				1408A8CE166FA9E90086565C /* AppDelegate.h */,
				1408A8CF166FA9E90086565C /* AppDelegate.m */,
				1408A8D1166FA9E90086565C /* HV_appen.xcdatamodeld */,
				1408A8C6166FA9E90086565C /* Supporting Files */,
			);
			path = HV_appen;
			sourceTree = "<group>";
		};
		1408A8C6166FA9E90086565C /* Supporting Files */ = {
			isa = PBXGroup;
			children = (
				1408A8C7166FA9E90086565C /* HV_appen-Info.plist */,
				1408A8C8166FA9E90086565C /* InfoPlist.strings */,
				1408A8CB166FA9E90086565C /* main.m */,
				1408A8CD166FA9E90086565C /* HV_appen-Prefix.pch */,
			);
			name = "Supporting Files";
			sourceTree = "<group>";
		};
/* End PBXGroup section */

/* Begin PBXNativeTarget section */
		1408A8B8166FA9E90086565C /* HV_appen */ = {
			isa = PBXNativeTarget;
			buildConfigurationList = 1408A8D6166FA9E90086565C /* Build configuration list for PBXNativeTarget "HV_appen" */;
			buildPhases = (
				1408A8B5166FA9E90086565C /* Sources */,
				1408A8B6166FA9E90086565C /* Frameworks */,
				1408A8B7166FA9E90086565C /* Resources */,
			);
			buildRules = (
			);
			dependencies = (
			);
			name = HV_appen;
			productName = HV_appen;
			productReference = 1408A8B9166FA9E90086565C /* HV_appen.app */;
			productType = "com.apple.product-type.application";
		};
/* End PBXNativeTarget section */

/* Begin PBXProject section */
		1408A8B0166FA9E90086565C /* Project object */ = {
			isa = PBXProject;
			attributes = {
				LastUpgradeCheck = 0420;
			};
			buildConfigurationList = 1408A8B3166FA9E90086565C /* Build configuration list for PBXProject "HV_appen" */;
			compatibilityVersion = "Xcode 3.2";
			developmentRegion = English;
			hasScannedForEncodings = 0;
			knownRegions = (
				en,
			);
			mainGroup = 1408A8AE166FA9E90086565C;
			productRefGroup = 1408A8BA166FA9E90086565C /* Products */;
			projectDirPath = "";
			projectRoot = "";
			targets = (
				1408A8B8166FA9E90086565C /* HV_appen */,
			);
		};
/* End PBXProject section */

/* Begin PBXResourcesBuildPhase section */
		1408A8B7166FA9E90086565C /* Resources */ = {
			isa = PBXResourcesBuildPhase;
			buildActionMask = 2147483647;
			files = (
				1408A8CA166FA9E90086565C /* InfoPlist.strings in Resources */,
			);
			runOnlyForDeploymentPostprocessing = 0;
		};
/* End PBXResourcesBuildPhase section */

/* Begin PBXSourcesBuildPhase section */
		1408A8B5166FA9E90086565C /* Sources */ = {
			isa = PBXSourcesBuildPhase;
			buildActionMask = 2147483647;
			files = (
				1408A8CC166FA9E90086565C /* main.m in Sources */,
				1408A8D0166FA9E90086565C /* AppDelegate.m in Sources */,
				1408A8D3166FA9E90086565C /* HV_appen.xcdatamodeld in Sources */,
			);
			runOnlyForDeploymentPostprocessing = 0;
		};
/* End PBXSourcesBuildPhase section */

/* Begin PBXVariantGroup section */
		1408A8C8166FA9E90086565C /* InfoPlist.strings */ = {
			isa = PBXVariantGroup;
			children = (
				1408A8C9166FA9E90086565C /* en */,
			);
			name = InfoPlist.strings;
			sourceTree = "<group>";
		};
/* End PBXVariantGroup section */

/* Begin XCBuildConfiguration section */
		1408A8D4166FA9E90086565C /* Debug */ = {
			isa = XCBuildConfiguration;
			buildSettings = {
				ALWAYS_SEARCH_USER_PATHS = NO;
				ARCHS = "$(ARCHS_STANDARD_32_BIT)";
				CLANG_ENABLE_OBJC_ARC = YES;
				"CODE_SIGN_IDENTITY[sdk=iphoneos*]" = "iPhone Developer";
				COPY_PHASE_STRIP = NO;
				GCC_C_LANGUAGE_STANDARD = gnu99;
				GCC_DYNAMIC_NO_PIC = NO;
				GCC_OPTIMIZATION_LEVEL = 0;
				GCC_PREPROCESSOR_DEFINITIONS = (
					"DEBUG=1",
					"$(inherited)",
				);
				GCC_SYMBOLS_PRIVATE_EXTERN = NO;
				GCC_VERSION = com.apple.compilers.llvm.clang.1_0;
				GCC_WARN_ABOUT_MISSING_PROTOTYPES = YES;
				GCC_WARN_ABOUT_RETURN_TYPE = YES;
				GCC_WARN_UNUSED_VARIABLE = YES;
				IPHONEOS_DEPLOYMENT_TARGET = 5.0;
				SDKROOT = iphoneos;
			};
			name = Debug;
		};
		1408A8D5166FA9E90086565C /* Release */ = {
			isa = XCBuildConfiguration;
			buildSettings = {
				ALWAYS_SEARCH_USER_PATHS = NO;
				ARCHS = "$(ARCHS_STANDARD_32_BIT)";
				CLANG_ENABLE_OBJC_ARC = YES;
				"CODE_SIGN_IDENTITY[sdk=iphoneos*]" = "iPhone Developer";
				COPY_PHASE_STRIP = YES;
				GCC_C_LANGUAGE_STANDARD = gnu99;
				GCC_VERSION = com.apple.compilers.llvm.clang.1_0;
				GCC_WARN_ABOUT_MISSING_PROTOTYPES = YES;
				GCC_WARN_ABOUT_RETURN_TYPE = YES;
				GCC_WARN_UNUSED_VARIABLE = YES;
				IPHONEOS_DEPLOYMENT_TARGET = 5.0;
				OTHER_CFLAGS = "-DNS_BLOCK_ASSERTIONS=1";
				SDKROOT = iphoneos;
				VALIDATE_PRODUCT = YES;
			};
			name = Release;
		};
		1408A8D7166FA9E90086565C /* Debug */ = {
			isa = XCBuildConfiguration;
			buildSettings = {
				GCC_PRECOMPILE_PREFIX_HEADER = YES;
				GCC_PREFIX_HEADER = "HV_appen/HV_appen-Prefix.pch";
				INFOPLIST_FILE = "HV_appen/HV_appen-Info.plist";
				PRODUCT_NAME = "$(TARGET_NAME)";
				WRAPPER_EXTENSION = app;
			};
			name = Debug;
		};
		1408A8D8166FA9E90086565C /* Release */ = {
			isa = XCBuildConfiguration;
			buildSettings = {
				GCC_PRECOMPILE_PREFIX_HEADER = YES;
				GCC_PREFIX_HEADER = "HV_appen/HV_appen-Prefix.pch";
				INFOPLIST_FILE = "HV_appen/HV_appen-Info.plist";
				PRODUCT_NAME = "$(TARGET_NAME)";
				WRAPPER_EXTENSION = app;
			};
			name = Release;
		};
/* End XCBuildConfiguration section */

/* Begin XCConfigurationList section */
		1408A8B3166FA9E90086565C /* Build configuration list for PBXProject "HV_appen" */ = {
			isa = XCConfigurationList;
			buildConfigurations = (
				1408A8D4166FA9E90086565C /* Debug */,
				1408A8D5166FA9E90086565C /* Release */,
			);
			defaultConfigurationIsVisible = 0;
			defaultConfigurationName = Release;
		};
		1408A8D6166FA9E90086565C /* Build configuration list for PBXNativeTarget "HV_appen" */ = {
			isa = XCConfigurationList;
			buildConfigurations = (
				1408A8D7166FA9E90086565C /* Debug */,
				1408A8D8166FA9E90086565C /* Release */,
			);
			defaultConfigurationIsVisible = 0;
		};
/* End XCConfigurationList section */

/* Begin XCVersionGroup section */
		1408A8D1166FA9E90086565C /* HV_appen.xcdatamodeld */ = {
			isa = XCVersionGroup;
			children = (
				1408A8D2166FA9E90086565C /* HV_appen.xcdatamodel */,
			);
			currentVersion = 1408A8D2166FA9E90086565C /* HV_appen.xcdatamodel */;
			path = HV_appen.xcdatamodeld;
			sourceTree = "<group>";
			versionGroupType = wrapper.xcdatamodel;
		};
/* End XCVersionGroup section */
	};
	rootObject = 1408A8B0166FA9E90086565C /* Project object */;
}
